
Microsoft Visual Studio Solution File, Format Version 12.00
# Visual Studio Version 16
VisualStudioVersion = 16.0.30709.132
MinimumVisualStudioVersion = 10.0.40219.1
Project("{9A19103F-16F7-4668-BE54-9A1E7A4F7556}") = "BlazorApp1", "BlazorApp1\BlazorApp1.csproj", "{08ED7EEE-3BB9-4B4A-B2B9-692AE2DB95DE}"
EndProject
Global
	GlobalSection(SolutionConfigurationPlatforms) = preSolution
		Debug|Any CPU = Debug|Any CPU
		Release|Any CPU = Release|Any CPU
	EndGlobalSection
	GlobalSection(ProjectConfigurationPlatforms) = postSolution
		{08ED7EEE-3BB9-4B4A-B2B9-692AE2DB95DE}.Debug|Any CPU.ActiveCfg = Debug|Any CPU
		{08ED7EEE-3BB9-4B4A-B2B9-692AE2DB95DE}.Debug|Any CPU.Build.0 = Debug|Any CPU
		{08ED7EEE-3BB9-4B4A-B2B9-692AE2DB95DE}.Release|Any CPU.ActiveCfg = Release|Any CPU
		{08ED7EEE-3BB9-4B4A-B2B9-692AE2DB95DE}.Release|Any CPU.Build.0 = Release|Any CPU
	EndGlobalSection
	GlobalSection(SolutionProperties) = preSolution
		HideSolutionNode = FALSE
	EndGlobalSection
	GlobalSection(ExtensibilityGlobals) = postSolution
		SolutionGuid = {C7238CD2-A510-4DEE-A875-43989E157480}
	EndGlobalSection
EndGlobal
